<?xml version="1.0" encoding="UTF-8" standalone="yes" ?>
<CodeBlocks_project_file>
	<FileVersion major="1" minor="6" />
	<Project>
		<Option title="isoMaze" />
		<Option pch_mode="2" />
		<Option compiler="gcc" />
		<Build>
			<Target title="Debug">
				<Option output="build/isoMaze3" prefix_auto="1" extension_auto="1" />
				<Option working_dir="build/" />
				<Option object_output="output/" />
				<Option type="0" />
				<Option compiler="gcc" />
				<Compiler>
					<Add option="-g" />
					<Add directory="include" />
				</Compiler>
			</Target>
		</Build>
		<Compiler>
			<Add option="-Wnon-virtual-dtor" />
			<Add option="-Wshadow" />
			<Add option="-Wredundant-decls" />
			<Add option="-Wcast-align" />
			<Add option="-Wundef" />
			<Add option="-Wfloat-equal" />
			<Add option="-Winline" />
			<Add option="-Wunreachable-code" />
			<Add option="-Wswitch-enum" />
			<Add option="-Wswitch-default" />
			<Add option="-Wmain" />
			<Add option="-pedantic" />
			<Add option="-Wextra" />
			<Add option="-Wall" />
		</Compiler>
		<Linker>
			<Add option="-lalleg44" />
		</Linker>
		<Unit filename="include/colors.h">
			<Option compilerVar="CC" />
		</Unit>
		<Unit filename="include/constants.h" />
		<Unit filename="include/cube.h" />
		<Unit filename="include/cube.j" />
		<Unit filename="include/helpers.h" />
		<Unit filename="src/cube.c">
			<Option compilerVar="CC" />
		</Unit>
		<Unit filename="src/helpers.c">
			<Option compilerVar="CC" />
		</Unit>
		<Unit filename="src/main.c">
			<Option compilerVar="CC" />
		</Unit>
		<Extensions>
			<code_completion />
			<envvars />
			<debugger />
			<lib_finder disable_auto="1" />
		</Extensions>
	</Project>
</CodeBlocks_project_file>
